// !$*UTF8*$!
{
	archiveVersion = 1;
	classes = {
	};
	objectVersion = 46;
	objects = {

/* Begin PBXBuildFile section */
		9C130DC7191340CD00E9C424 /* Cocoa.framework in Frameworks */ = {isa = PBXBuildFile; fileRef = 9C8281AC190DD86E009D27C5 /* Cocoa.framework */; };
		9C130DF5191340F800E9C424 /* TestAngle.cpp in Sources */ = {isa = PBXBuildFile; fileRef = 9C8281EB190DF215009D27C5 /* TestAngle.cpp */; };
		9C130DF61913419800E9C424 /* SDL2.framework in Frameworks */ = {isa = PBXBuildFile; fileRef = 9C8281D7190DD8B2009D27C5 /* SDL2.framework */; };
		9C130DF71913419800E9C424 /* SDL2_image.framework in Frameworks */ = {isa = PBXBuildFile; fileRef = 9C8281D8190DD8B2009D27C5 /* SDL2_image.framework */; };
		9C130DF81913419C00E9C424 /* Lums.framework in Frameworks */ = {isa = PBXBuildFile; fileRef = 9C8281AA190DD86E009D27C5 /* Lums.framework */; };
		9C130DFD191342BD00E9C424 /* SDL2.framework in CopyFiles */ = {isa = PBXBuildFile; fileRef = 9C8281D7190DD8B2009D27C5 /* SDL2.framework */; };
		9C130DFE191342BD00E9C424 /* SDL2_image.framework in CopyFiles */ = {isa = PBXBuildFile; fileRef = 9C8281D8190DD8B2009D27C5 /* SDL2_image.framework */; };
		9C130DFF191342BF00E9C424 /* Lums.framework in CopyFiles */ = {isa = PBXBuildFile; fileRef = 9C8281AA190DD86E009D27C5 /* Lums.framework */; };
		9C130E001913439F00E9C424 /* SDL2.framework in Frameworks */ = {isa = PBXBuildFile; fileRef = 9C8281D7190DD8B2009D27C5 /* SDL2.framework */; };
		9C130E021913444600E9C424 /* CoreGL.cpp in Sources */ = {isa = PBXBuildFile; fileRef = 9C130E011913444600E9C424 /* CoreGL.cpp */; };
		9C130E04191344C600E9C424 /* Core.h in Headers */ = {isa = PBXBuildFile; fileRef = 9C130E03191344C600E9C424 /* Core.h */; settings = {ATTRIBUTES = (Public, ); }; };
		9C130E061913741D00E9C424 /* RenderContext.h in Headers */ = {isa = PBXBuildFile; fileRef = 9C130E051913741D00E9C424 /* RenderContext.h */; settings = {ATTRIBUTES = (Public, ); }; };
		9C130E081913796C00E9C424 /* GameState.cpp in Sources */ = {isa = PBXBuildFile; fileRef = 9C130E071913796C00E9C424 /* GameState.cpp */; };
		9C130E0A1913797700E9C424 /* GameState.h in Headers */ = {isa = PBXBuildFile; fileRef = 9C130E091913797700E9C424 /* GameState.h */; settings = {ATTRIBUTES = (Public, ); }; };
		9C2997DE190F1B2000ACBA7E /* Vector2.h in Headers */ = {isa = PBXBuildFile; fileRef = 9C2997DB190F1B2000ACBA7E /* Vector2.h */; settings = {ATTRIBUTES = (Public, ); }; };
		9C2997DF190F1B2000ACBA7E /* Vector3.h in Headers */ = {isa = PBXBuildFile; fileRef = 9C2997DC190F1B2000ACBA7E /* Vector3.h */; settings = {ATTRIBUTES = (Public, ); }; };
		9C32EFA219B9FC280013CBB0 /* Test.cpp in Sources */ = {isa = PBXBuildFile; fileRef = 9C32EFA119B9FC280013CBB0 /* Test.cpp */; };
		9C32EFA419BA01EA0013CBB0 /* TestVector2.cpp in Sources */ = {isa = PBXBuildFile; fileRef = 9C32EFA319BA01EA0013CBB0 /* TestVector2.cpp */; };
		9C32EFA619BA17DD0013CBB0 /* TestVector3.cpp in Sources */ = {isa = PBXBuildFile; fileRef = 9C32EFA519BA17DD0013CBB0 /* TestVector3.cpp */; };
		9C8281AD190DD86E009D27C5 /* Cocoa.framework in Frameworks */ = {isa = PBXBuildFile; fileRef = 9C8281AC190DD86E009D27C5 /* Cocoa.framework */; };
		9C8281DA190DD8B2009D27C5 /* SDL2_image.framework in Frameworks */ = {isa = PBXBuildFile; fileRef = 9C8281D8190DD8B2009D27C5 /* SDL2_image.framework */; settings = {ATTRIBUTES = (Required, ); }; };
		9C8281E8190DDF49009D27C5 /* Angle.h in Headers */ = {isa = PBXBuildFile; fileRef = 9C8281E7190DDF49009D27C5 /* Angle.h */; settings = {ATTRIBUTES = (Public, ); }; };
		9CAA6DD619BE1E4A00A26D41 /* GameStateGL.h in Headers */ = {isa = PBXBuildFile; fileRef = 9CAA6DD519BE1E4A00A26D41 /* GameStateGL.h */; settings = {ATTRIBUTES = (Public, ); }; };
		9CAA6DD819BE1F7500A26D41 /* TestCore.cpp in Sources */ = {isa = PBXBuildFile; fileRef = 9CAA6DD719BE1F7500A26D41 /* TestCore.cpp */; };
		9CE5D273190DF5BA00256340 /* Angle.cpp in Sources */ = {isa = PBXBuildFile; fileRef = 9C8281E9190DDF56009D27C5 /* Angle.cpp */; };
		9CE5D277190DF60300256340 /* Lums.h in Headers */ = {isa = PBXBuildFile; fileRef = 9CE5D276190DF60300256340 /* Lums.h */; settings = {ATTRIBUTES = (Public, ); }; };
		9CED6B3F19BD268F006B871E /* CoreGL.h in Headers */ = {isa = PBXBuildFile; fileRef = 9CED6B3E19BD268F006B871E /* CoreGL.h */; settings = {ATTRIBUTES = (Public, ); }; };
/* End PBXBuildFile section */

/* Begin PBXCopyFilesBuildPhase section */
		9C130DFC191342B200E9C424 /* CopyFiles */ = {
			isa = PBXCopyFilesBuildPhase;
			buildActionMask = 2147483647;
			dstPath = "";
			dstSubfolderSpec = 10;
			files = (
				9C130DFD191342BD00E9C424 /* SDL2.framework in CopyFiles */,
				9C130DFE191342BD00E9C424 /* SDL2_image.framework in CopyFiles */,
				9C130DFF191342BF00E9C424 /* Lums.framework in CopyFiles */,
			);
			runOnlyForDeploymentPostprocessing = 0;
		};
/* End PBXCopyFilesBuildPhase section */

/* Begin PBXFileReference section */
		9C130DC6191340CD00E9C424 /* Unit Test.app */ = {isa = PBXFileReference; explicitFileType = wrapper.application; includeInIndex = 0; path = "Unit Test.app"; sourceTree = BUILT_PRODUCTS_DIR; };
		9C130DC8191340CD00E9C424 /* AppKit.framework */ = {isa = PBXFileReference; lastKnownFileType = wrapper.framework; name = AppKit.framework; path = System/Library/Frameworks/AppKit.framework; sourceTree = SDKROOT; };
		9C130E011913444600E9C424 /* CoreGL.cpp */ = {isa = PBXFileReference; fileEncoding = 4; lastKnownFileType = sourcecode.cpp.cpp; path = CoreGL.cpp; sourceTree = "<group>"; };
		9C130E03191344C600E9C424 /* Core.h */ = {isa = PBXFileReference; fileEncoding = 4; lastKnownFileType = sourcecode.c.h; path = Core.h; sourceTree = "<group>"; };
		9C130E051913741D00E9C424 /* RenderContext.h */ = {isa = PBXFileReference; fileEncoding = 4; lastKnownFileType = sourcecode.c.h; path = RenderContext.h; sourceTree = "<group>"; };
		9C130E071913796C00E9C424 /* GameState.cpp */ = {isa = PBXFileReference; fileEncoding = 4; lastKnownFileType = sourcecode.cpp.cpp; path = GameState.cpp; sourceTree = "<group>"; };
		9C130E091913797700E9C424 /* GameState.h */ = {isa = PBXFileReference; fileEncoding = 4; lastKnownFileType = sourcecode.c.h; path = GameState.h; sourceTree = "<group>"; };
		9C2997DB190F1B2000ACBA7E /* Vector2.h */ = {isa = PBXFileReference; fileEncoding = 4; lastKnownFileType = sourcecode.c.h; path = Vector2.h; sourceTree = "<group>"; };
		9C2997DC190F1B2000ACBA7E /* Vector3.h */ = {isa = PBXFileReference; fileEncoding = 4; lastKnownFileType = sourcecode.c.h; path = Vector3.h; sourceTree = "<group>"; };
		9C32EFA119B9FC280013CBB0 /* Test.cpp */ = {isa = PBXFileReference; fileEncoding = 4; lastKnownFileType = sourcecode.cpp.cpp; path = Test.cpp; sourceTree = "<group>"; };
		9C32EFA319BA01EA0013CBB0 /* TestVector2.cpp */ = {isa = PBXFileReference; fileEncoding = 4; lastKnownFileType = sourcecode.cpp.cpp; path = TestVector2.cpp; sourceTree = "<group>"; };
		9C32EFA519BA17DD0013CBB0 /* TestVector3.cpp */ = {isa = PBXFileReference; fileEncoding = 4; lastKnownFileType = sourcecode.cpp.cpp; path = TestVector3.cpp; sourceTree = "<group>"; };
		9C8281AA190DD86E009D27C5 /* Lums.framework */ = {isa = PBXFileReference; explicitFileType = wrapper.framework; includeInIndex = 0; path = Lums.framework; sourceTree = BUILT_PRODUCTS_DIR; };
		9C8281AC190DD86E009D27C5 /* Cocoa.framework */ = {isa = PBXFileReference; lastKnownFileType = wrapper.framework; name = Cocoa.framework; path = System/Library/Frameworks/Cocoa.framework; sourceTree = SDKROOT; };
		9C8281AF190DD86E009D27C5 /* Foundation.framework */ = {isa = PBXFileReference; lastKnownFileType = wrapper.framework; name = Foundation.framework; path = System/Library/Frameworks/Foundation.framework; sourceTree = SDKROOT; };
		9C8281B0190DD86E009D27C5 /* CoreData.framework */ = {isa = PBXFileReference; lastKnownFileType = wrapper.framework; name = CoreData.framework; path = System/Library/Frameworks/CoreData.framework; sourceTree = SDKROOT; };
		9C8281D7190DD8B2009D27C5 /* SDL2.framework */ = {isa = PBXFileReference; lastKnownFileType = wrapper.framework; path = SDL2.framework; sourceTree = "<group>"; };
		9C8281D8190DD8B2009D27C5 /* SDL2_image.framework */ = {isa = PBXFileReference; lastKnownFileType = wrapper.framework; path = SDL2_image.framework; sourceTree = "<group>"; };
		9C8281E2190DDAC3009D27C5 /* header.txt */ = {isa = PBXFileReference; fileEncoding = 4; lastKnownFileType = text; path = header.txt; sourceTree = "<group>"; };
		9C8281E7190DDF49009D27C5 /* Angle.h */ = {isa = PBXFileReference; fileEncoding = 4; lastKnownFileType = sourcecode.c.h; path = Angle.h; sourceTree = "<group>"; usesTabs = 0; };
		9C8281E9190DDF56009D27C5 /* Angle.cpp */ = {isa = PBXFileReference; fileEncoding = 4; lastKnownFileType = sourcecode.cpp.cpp; path = Angle.cpp; sourceTree = "<group>"; };
		9C8281EB190DF215009D27C5 /* TestAngle.cpp */ = {isa = PBXFileReference; fileEncoding = 4; lastKnownFileType = sourcecode.cpp.cpp; path = TestAngle.cpp; sourceTree = "<group>"; };
		9CAA6DD519BE1E4A00A26D41 /* GameStateGL.h */ = {isa = PBXFileReference; fileEncoding = 4; lastKnownFileType = sourcecode.c.h; path = GameStateGL.h; sourceTree = "<group>"; };
		9CAA6DD719BE1F7500A26D41 /* TestCore.cpp */ = {isa = PBXFileReference; fileEncoding = 4; lastKnownFileType = sourcecode.cpp.cpp; path = TestCore.cpp; sourceTree = "<group>"; };
		9CD2996019B5349A00209B29 /* NanoTest.h */ = {isa = PBXFileReference; lastKnownFileType = sourcecode.c.h; path = NanoTest.h; sourceTree = "<group>"; };
		9CE5D276190DF60300256340 /* Lums.h */ = {isa = PBXFileReference; fileEncoding = 4; lastKnownFileType = sourcecode.c.h; path = Lums.h; sourceTree = "<group>"; };
		9CED6B3E19BD268F006B871E /* CoreGL.h */ = {isa = PBXFileReference; fileEncoding = 4; lastKnownFileType = sourcecode.c.h; path = CoreGL.h; sourceTree = "<group>"; };
/* End PBXFileReference section */

/* Begin PBXFrameworksBuildPhase section */
		9C130DC3191340CD00E9C424 /* Frameworks */ = {
			isa = PBXFrameworksBuildPhase;
			buildActionMask = 2147483647;
			files = (
				9C130DC7191340CD00E9C424 /* Cocoa.framework in Frameworks */,
				9C130DF61913419800E9C424 /* SDL2.framework in Frameworks */,
				9C130DF71913419800E9C424 /* SDL2_image.framework in Frameworks */,
				9C130DF81913419C00E9C424 /* Lums.framework in Frameworks */,
			);
			runOnlyForDeploymentPostprocessing = 0;
		};
		9C8281A6190DD86E009D27C5 /* Frameworks */ = {
			isa = PBXFrameworksBuildPhase;
			buildActionMask = 2147483647;
			files = (
				9C130E001913439F00E9C424 /* SDL2.framework in Frameworks */,
				9C8281DA190DD8B2009D27C5 /* SDL2_image.framework in Frameworks */,
				9C8281AD190DD86E009D27C5 /* Cocoa.framework in Frameworks */,
			);
			runOnlyForDeploymentPostprocessing = 0;
		};
/* End PBXFrameworksBuildPhase section */

/* Begin PBXGroup section */
		9C5B561B190DD5B7003C6C37 = {
			isa = PBXGroup;
			children = (
				9C8281E3190DDAC3009D27C5 /* include */,
				9C8281E4190DDAC3009D27C5 /* src */,
				9C8281E5190DDAC3009D27C5 /* test */,
				9C8281D5190DD8B2009D27C5 /* lib */,
				9C8281E1190DDAC3009D27C5 /* etc */,
				9C8281AB190DD86E009D27C5 /* Frameworks */,
				9C8281DB190DD8C6009D27C5 /* Product */,
			);
			sourceTree = "<group>";
		};
		9C8281AB190DD86E009D27C5 /* Frameworks */ = {
			isa = PBXGroup;
			children = (
				9C8281AC190DD86E009D27C5 /* Cocoa.framework */,
				9C8281AE190DD86E009D27C5 /* Other Frameworks */,
			);
			name = Frameworks;
			sourceTree = "<group>";
		};
		9C8281AE190DD86E009D27C5 /* Other Frameworks */ = {
			isa = PBXGroup;
			children = (
				9C8281AF190DD86E009D27C5 /* Foundation.framework */,
				9C8281B0190DD86E009D27C5 /* CoreData.framework */,
				9C130DC8191340CD00E9C424 /* AppKit.framework */,
			);
			name = "Other Frameworks";
			sourceTree = "<group>";
		};
		9C8281D5190DD8B2009D27C5 /* lib */ = {
			isa = PBXGroup;
			children = (
				9C8281D6190DD8B2009D27C5 /* osx */,
			);
			path = lib;
			sourceTree = "<group>";
		};
		9C8281D6190DD8B2009D27C5 /* osx */ = {
			isa = PBXGroup;
			children = (
				9C8281D7190DD8B2009D27C5 /* SDL2.framework */,
				9C8281D8190DD8B2009D27C5 /* SDL2_image.framework */,
			);
			path = osx;
			sourceTree = "<group>";
		};
		9C8281DB190DD8C6009D27C5 /* Product */ = {
			isa = PBXGroup;
			children = (
				9C8281AA190DD86E009D27C5 /* Lums.framework */,
				9C130DC6191340CD00E9C424 /* Unit Test.app */,
			);
			name = Product;
			sourceTree = "<group>";
		};
		9C8281E1190DDAC3009D27C5 /* etc */ = {
			isa = PBXGroup;
			children = (
				9C8281E2190DDAC3009D27C5 /* header.txt */,
			);
			path = etc;
			sourceTree = "<group>";
		};
		9C8281E3190DDAC3009D27C5 /* include */ = {
			isa = PBXGroup;
			children = (
				9CE5D276190DF60300256340 /* Lums.h */,
				9C8281E7190DDF49009D27C5 /* Angle.h */,
				9C130E03191344C600E9C424 /* Core.h */,
				9CED6B3E19BD268F006B871E /* CoreGL.h */,
				9C130E091913797700E9C424 /* GameState.h */,
				9CAA6DD519BE1E4A00A26D41 /* GameStateGL.h */,
				9C130E051913741D00E9C424 /* RenderContext.h */,
				9C2997DB190F1B2000ACBA7E /* Vector2.h */,
				9C2997DC190F1B2000ACBA7E /* Vector3.h */,
			);
			path = include;
			sourceTree = "<group>";
		};
		9C8281E4190DDAC3009D27C5 /* src */ = {
			isa = PBXGroup;
			children = (
				9C8281E9190DDF56009D27C5 /* Angle.cpp */,
				9C130E011913444600E9C424 /* CoreGL.cpp */,
				9C130E071913796C00E9C424 /* GameState.cpp */,
			);
			path = src;
			sourceTree = "<group>";
		};
		9C8281E5190DDAC3009D27C5 /* test */ = {
			isa = PBXGroup;
			children = (
				9CD2996019B5349A00209B29 /* NanoTest.h */,
				9C32EFA119B9FC280013CBB0 /* Test.cpp */,
				9CAA6DD719BE1F7500A26D41 /* TestCore.cpp */,
				9C8281EB190DF215009D27C5 /* TestAngle.cpp */,
				9C32EFA319BA01EA0013CBB0 /* TestVector2.cpp */,
				9C32EFA519BA17DD0013CBB0 /* TestVector3.cpp */,
			);
			path = test;
			sourceTree = "<group>";
		};
/* End PBXGroup section */

/* Begin PBXHeadersBuildPhase section */
		9C8281A7190DD86E009D27C5 /* Headers */ = {
			isa = PBXHeadersBuildPhase;
			buildActionMask = 2147483647;
			files = (
				9C130E061913741D00E9C424 /* RenderContext.h in Headers */,
				9CAA6DD619BE1E4A00A26D41 /* GameStateGL.h in Headers */,
				9CE5D277190DF60300256340 /* Lums.h in Headers */,
				9CED6B3F19BD268F006B871E /* CoreGL.h in Headers */,
				9C130E0A1913797700E9C424 /* GameState.h in Headers */,
				9C2997DF190F1B2000ACBA7E /* Vector3.h in Headers */,
				9C8281E8190DDF49009D27C5 /* Angle.h in Headers */,
				9C130E04191344C600E9C424 /* Core.h in Headers */,
				9C2997DE190F1B2000ACBA7E /* Vector2.h in Headers */,
			);
			runOnlyForDeploymentPostprocessing = 0;
		};
/* End PBXHeadersBuildPhase section */

/* Begin PBXNativeTarget section */
		9C130DC5191340CD00E9C424 /* Unit Test */ = {
			isa = PBXNativeTarget;
			buildConfigurationList = 9C130DEF191340CD00E9C424 /* Build configuration list for PBXNativeTarget "Unit Test" */;
			buildPhases = (
				9C130DC2191340CD00E9C424 /* Sources */,
				9C130DC3191340CD00E9C424 /* Frameworks */,
				9C130DC4191340CD00E9C424 /* Resources */,
				9C130DFC191342B200E9C424 /* CopyFiles */,
			);
			buildRules = (
			);
			dependencies = (
			);
			name = "Unit Test";
			productName = "Unit Test";
			productReference = 9C130DC6191340CD00E9C424 /* Unit Test.app */;
			productType = "com.apple.product-type.application";
		};
		9C8281A9190DD86E009D27C5 /* Lums */ = {
			isa = PBXNativeTarget;
			buildConfigurationList = 9C8281CF190DD86E009D27C5 /* Build configuration list for PBXNativeTarget "Lums" */;
			buildPhases = (
				9C8281A5190DD86E009D27C5 /* Sources */,
				9C8281A6190DD86E009D27C5 /* Frameworks */,
				9C8281A7190DD86E009D27C5 /* Headers */,
				9C8281A8190DD86E009D27C5 /* Resources */,
			);
			buildRules = (
			);
			dependencies = (
			);
			name = Lums;
			productName = NGL;
			productReference = 9C8281AA190DD86E009D27C5 /* Lums.framework */;
			productType = "com.apple.product-type.framework";
		};
/* End PBXNativeTarget section */

/* Begin PBXProject section */
		9C5B561C190DD5B7003C6C37 /* Project object */ = {
			isa = PBXProject;
			attributes = {
				LastUpgradeCheck = 0510;
				ORGANIZATIONNAME = "Maxime Bacoux";
			};
			buildConfigurationList = 9C5B561F190DD5B7003C6C37 /* Build configuration list for PBXProject "Lums" */;
			compatibilityVersion = "Xcode 3.2";
			developmentRegion = English;
			hasScannedForEncodings = 0;
			knownRegions = (
				en,
				Base,
			);
			mainGroup = 9C5B561B190DD5B7003C6C37;
			productRefGroup = 9C5B561B190DD5B7003C6C37;
			projectDirPath = "";
			projectRoot = "";
			targets = (
				9C8281A9190DD86E009D27C5 /* Lums */,
				9C130DC5191340CD00E9C424 /* Unit Test */,
			);
		};
/* End PBXProject section */

/* Begin PBXResourcesBuildPhase section */
		9C130DC4191340CD00E9C424 /* Resources */ = {
			isa = PBXResourcesBuildPhase;
			buildActionMask = 2147483647;
			files = (
			);
			runOnlyForDeploymentPostprocessing = 0;
		};
		9C8281A8190DD86E009D27C5 /* Resources */ = {
			isa = PBXResourcesBuildPhase;
			buildActionMask = 2147483647;
			files = (
			);
			runOnlyForDeploymentPostprocessing = 0;
		};
/* End PBXResourcesBuildPhase section */

/* Begin PBXSourcesBuildPhase section */
		9C130DC2191340CD00E9C424 /* Sources */ = {
			isa = PBXSourcesBuildPhase;
			buildActionMask = 2147483647;
			files = (
				9C130DF5191340F800E9C424 /* TestAngle.cpp in Sources */,
				9CAA6DD819BE1F7500A26D41 /* TestCore.cpp in Sources */,
				9C32EFA419BA01EA0013CBB0 /* TestVector2.cpp in Sources */,
				9C32EFA619BA17DD0013CBB0 /* TestVector3.cpp in Sources */,
				9C32EFA219B9FC280013CBB0 /* Test.cpp in Sources */,
			);
			runOnlyForDeploymentPostprocessing = 0;
		};
		9C8281A5190DD86E009D27C5 /* Sources */ = {
			isa = PBXSourcesBuildPhase;
			buildActionMask = 2147483647;
			files = (
				9C130E021913444600E9C424 /* CoreGL.cpp in Sources */,
				9C130E081913796C00E9C424 /* GameState.cpp in Sources */,
				9CE5D273190DF5BA00256340 /* Angle.cpp in Sources */,
			);
			runOnlyForDeploymentPostprocessing = 0;
		};
/* End PBXSourcesBuildPhase section */

/* Begin XCBuildConfiguration section */
		9C130DF0191340CD00E9C424 /* Debug */ = {
			isa = XCBuildConfiguration;
			buildSettings = {
				ASSETCATALOG_COMPILER_APPICON_NAME = AppIcon;
				COMBINE_HIDPI_IMAGES = YES;
				FRAMEWORK_SEARCH_PATHS = "$(PROJECT_DIR)/lib/osx";
				GCC_PRECOMPILE_PREFIX_HEADER = NO;
				GCC_PREFIX_HEADER = "";
				GCC_PREPROCESSOR_DEFINITIONS = (
					"DEBUG=1",
					"$(inherited)",
				);
				HEADER_SEARCH_PATHS = (
					"$(inherited)",
					/Applications/Xcode.app/Contents/Developer/Toolchains/XcodeDefault.xctoolchain/usr/include,
					"$(PROJECT_DIR)/test",
				);
				INFOPLIST_FILE = "";
				LD_RUNPATH_SEARCH_PATHS = "@loader_path/../Frameworks";
				PRODUCT_NAME = "$(TARGET_NAME)";
				WRAPPER_EXTENSION = app;
			};
			name = Debug;
		};
		9C130DF1191340CD00E9C424 /* Release */ = {
			isa = XCBuildConfiguration;
			buildSettings = {
				ASSETCATALOG_COMPILER_APPICON_NAME = AppIcon;
				COMBINE_HIDPI_IMAGES = YES;
				FRAMEWORK_SEARCH_PATHS = "$(PROJECT_DIR)/lib/osx";
				GCC_PRECOMPILE_PREFIX_HEADER = NO;
				GCC_PREFIX_HEADER = "";
				HEADER_SEARCH_PATHS = (
					"$(inherited)",
					/Applications/Xcode.app/Contents/Developer/Toolchains/XcodeDefault.xctoolchain/usr/include,
					"$(PROJECT_DIR)/test",
				);
				INFOPLIST_FILE = "";
				LD_RUNPATH_SEARCH_PATHS = "@loader_path/../Frameworks";
				PRODUCT_NAME = "$(TARGET_NAME)";
				WRAPPER_EXTENSION = app;
			};
			name = Release;
		};
		9C5B5626190DD5B8003C6C37 /* Debug */ = {
			isa = XCBuildConfiguration;
			buildSettings = {
				ALWAYS_SEARCH_USER_PATHS = NO;
				CLANG_CXX_LANGUAGE_STANDARD = "gnu++0x";
				CLANG_CXX_LIBRARY = "libc++";
				CLANG_ENABLE_MODULES = YES;
				CLANG_ENABLE_OBJC_ARC = YES;
				CLANG_WARN_BOOL_CONVERSION = YES;
				CLANG_WARN_CONSTANT_CONVERSION = YES;
				CLANG_WARN_DIRECT_OBJC_ISA_USAGE = YES_ERROR;
				CLANG_WARN_EMPTY_BODY = YES;
				CLANG_WARN_ENUM_CONVERSION = YES;
				CLANG_WARN_INT_CONVERSION = YES;
				CLANG_WARN_OBJC_ROOT_CLASS = YES_ERROR;
				CLANG_WARN__DUPLICATE_METHOD_MATCH = YES;
				COPY_PHASE_STRIP = NO;
				GCC_C_LANGUAGE_STANDARD = gnu99;
				GCC_DYNAMIC_NO_PIC = NO;
				GCC_ENABLE_OBJC_EXCEPTIONS = YES;
				GCC_OPTIMIZATION_LEVEL = 0;
				GCC_PREPROCESSOR_DEFINITIONS = (
					"DEBUG=1",
					"$(inherited)",
				);
				GCC_SYMBOLS_PRIVATE_EXTERN = NO;
				GCC_WARN_64_TO_32_BIT_CONVERSION = YES;
				GCC_WARN_ABOUT_RETURN_TYPE = YES_ERROR;
				GCC_WARN_UNDECLARED_SELECTOR = YES;
				GCC_WARN_UNINITIALIZED_AUTOS = YES_AGGRESSIVE;
				GCC_WARN_UNUSED_FUNCTION = YES;
				GCC_WARN_UNUSED_VARIABLE = YES;
				INSTALL_PATH = "@rpath";
				MACOSX_DEPLOYMENT_TARGET = 10.9;
				ONLY_ACTIVE_ARCH = YES;
				SDKROOT = macosx;
				SHARED_PRECOMPS_DIR = "";
			};
			name = Debug;
		};
		9C5B5627190DD5B8003C6C37 /* Release */ = {
			isa = XCBuildConfiguration;
			buildSettings = {
				ALWAYS_SEARCH_USER_PATHS = NO;
				CLANG_CXX_LANGUAGE_STANDARD = "gnu++0x";
				CLANG_CXX_LIBRARY = "libc++";
				CLANG_ENABLE_MODULES = YES;
				CLANG_ENABLE_OBJC_ARC = YES;
				CLANG_WARN_BOOL_CONVERSION = YES;
				CLANG_WARN_CONSTANT_CONVERSION = YES;
				CLANG_WARN_DIRECT_OBJC_ISA_USAGE = YES_ERROR;
				CLANG_WARN_EMPTY_BODY = YES;
				CLANG_WARN_ENUM_CONVERSION = YES;
				CLANG_WARN_INT_CONVERSION = YES;
				CLANG_WARN_OBJC_ROOT_CLASS = YES_ERROR;
				CLANG_WARN__DUPLICATE_METHOD_MATCH = YES;
				COPY_PHASE_STRIP = YES;
				DEBUG_INFORMATION_FORMAT = "dwarf-with-dsym";
				ENABLE_NS_ASSERTIONS = NO;
				GCC_C_LANGUAGE_STANDARD = gnu99;
				GCC_ENABLE_OBJC_EXCEPTIONS = YES;
				GCC_WARN_64_TO_32_BIT_CONVERSION = YES;
				GCC_WARN_ABOUT_RETURN_TYPE = YES_ERROR;
				GCC_WARN_UNDECLARED_SELECTOR = YES;
				GCC_WARN_UNINITIALIZED_AUTOS = YES_AGGRESSIVE;
				GCC_WARN_UNUSED_FUNCTION = YES;
				GCC_WARN_UNUSED_VARIABLE = YES;
				INSTALL_PATH = "@rpath";
				MACOSX_DEPLOYMENT_TARGET = 10.9;
				SDKROOT = macosx;
				SHARED_PRECOMPS_DIR = "";
			};
			name = Release;
		};
		9C8281D0190DD86E009D27C5 /* Debug */ = {
			isa = XCBuildConfiguration;
			buildSettings = {
				COMBINE_HIDPI_IMAGES = YES;
				DYLIB_COMPATIBILITY_VERSION = 1;
				DYLIB_CURRENT_VERSION = 1;
				FRAMEWORK_SEARCH_PATHS = (
					"$(inherited)",
					"$(PROJECT_DIR)/lib/osx",
				);
				FRAMEWORK_VERSION = A;
				GCC_PRECOMPILE_PREFIX_HEADER = NO;
				GCC_PREFIX_HEADER = "";
				GCC_PREPROCESSOR_DEFINITIONS = (
					"DEBUG=1",
					"$(inherited)",
				);
				INFOPLIST_FILE = "";
				LD_RUNPATH_SEARCH_PATHS = "";
				PRECOMPS_INCLUDE_HEADERS_FROM_BUILT_PRODUCTS_DIR = NO;
				PRODUCT_NAME = Lums;
				WRAPPER_EXTENSION = framework;
			};
			name = Debug;
		};
		9C8281D1190DD86E009D27C5 /* Release */ = {
			isa = XCBuildConfiguration;
			buildSettings = {
				COMBINE_HIDPI_IMAGES = YES;
				DYLIB_COMPATIBILITY_VERSION = 1;
				DYLIB_CURRENT_VERSION = 1;
				FRAMEWORK_SEARCH_PATHS = (
					"$(inherited)",
					"$(PROJECT_DIR)/lib/osx",
				);
				FRAMEWORK_VERSION = A;
				GCC_PRECOMPILE_PREFIX_HEADER = NO;
				GCC_PREFIX_HEADER = "";
				INFOPLIST_FILE = "";
				LD_RUNPATH_SEARCH_PATHS = "";
				PRECOMPS_INCLUDE_HEADERS_FROM_BUILT_PRODUCTS_DIR = NO;
				PRODUCT_NAME = Lums;
				WRAPPER_EXTENSION = framework;
			};
			name = Release;
		};
/* End XCBuildConfiguration section */

/* Begin XCConfigurationList section */
		9C130DEF191340CD00E9C424 /* Build configuration list for PBXNativeTarget "Unit Test" */ = {
			isa = XCConfigurationList;
			buildConfigurations = (
				9C130DF0191340CD00E9C424 /* Debug */,
				9C130DF1191340CD00E9C424 /* Release */,
			);
			defaultConfigurationIsVisible = 0;
			defaultConfigurationName = Release;
		};
		9C5B561F190DD5B7003C6C37 /* Build configuration list for PBXProject "Lums" */ = {
			isa = XCConfigurationList;
			buildConfigurations = (
				9C5B5626190DD5B8003C6C37 /* Debug */,
				9C5B5627190DD5B8003C6C37 /* Release */,
			);
			defaultConfigurationIsVisible = 0;
			defaultConfigurationName = Release;
		};
		9C8281CF190DD86E009D27C5 /* Build configuration list for PBXNativeTarget "Lums" */ = {
			isa = XCConfigurationList;
			buildConfigurations = (
				9C8281D0190DD86E009D27C5 /* Debug */,
				9C8281D1190DD86E009D27C5 /* Release */,
			);
			defaultConfigurationIsVisible = 0;
			defaultConfigurationName = Release;
		};
/* End XCConfigurationList section */
	};
	rootObject = 9C5B561C190DD5B7003C6C37 /* Project object */;
}
